
Microsoft Visual Studio Solution File, Format Version 12.00
# Visual Studio Version 16
VisualStudioVersion = 16.0.29509.3
MinimumVisualStudioVersion = 10.0.40219.1
Project("{9A19103F-16F7-4668-BE54-9A1E7A4F7556}") = "SoundSwitch", "SoundSwitch\SoundSwitch.csproj", "{A17ECFE0-C4E2-4410-839A-14DF8C11428D}"
	ProjectSection(ProjectDependencies) = postProject
		{082AB6E3-EB26-4791-8025-5BA9682460EA} = {082AB6E3-EB26-4791-8025-5BA9682460EA}
	EndProjectSection
EndProject
Project("{9A19103F-16F7-4668-BE54-9A1E7A4F7556}") = "SoundSwitch.UI.UserControls", "SoundSwitch.UI.UserControls\SoundSwitch.UI.UserControls.csproj", "{082AB6E3-EB26-4791-8025-5BA9682460EA}"
EndProject
Project("{9A19103F-16F7-4668-BE54-9A1E7A4F7556}") = "SoundSwitch.Audio.Manager", "SoundSwitch.Audio.Manager\SoundSwitch.Audio.Manager.csproj", "{B4F7987E-A5FA-45B1-9AE4-5E40144FFC54}"
EndProject
Project("{9A19103F-16F7-4668-BE54-9A1E7A4F7556}") = "SoundSwitch.Common", "SoundSwitch.Common\SoundSwitch.Common.csproj", "{45A39BFC-7B67-46F2-A6F2-59BF82B350A4}"
EndProject
Global
	GlobalSection(SolutionConfigurationPlatforms) = preSolution
		AppVeyor|Any CPU = AppVeyor|Any CPU
		Beta|Any CPU = Beta|Any CPU
		Debug|Any CPU = Debug|Any CPU
		Release|Any CPU = Release|Any CPU
	EndGlobalSection
	GlobalSection(ProjectConfigurationPlatforms) = postSolution
		{A17ECFE0-C4E2-4410-839A-14DF8C11428D}.AppVeyor|Any CPU.ActiveCfg = Release|Any CPU
		{A17ECFE0-C4E2-4410-839A-14DF8C11428D}.AppVeyor|Any CPU.Build.0 = Release|Any CPU
		{A17ECFE0-C4E2-4410-839A-14DF8C11428D}.Beta|Any CPU.ActiveCfg = Debug|Any CPU
		{A17ECFE0-C4E2-4410-839A-14DF8C11428D}.Beta|Any CPU.Build.0 = Debug|Any CPU
		{A17ECFE0-C4E2-4410-839A-14DF8C11428D}.Debug|Any CPU.ActiveCfg = Debug|Any CPU
		{A17ECFE0-C4E2-4410-839A-14DF8C11428D}.Debug|Any CPU.Build.0 = Debug|Any CPU
		{A17ECFE0-C4E2-4410-839A-14DF8C11428D}.Release|Any CPU.ActiveCfg = Release|Any CPU
		{A17ECFE0-C4E2-4410-839A-14DF8C11428D}.Release|Any CPU.Build.0 = Release|Any CPU
		{082AB6E3-EB26-4791-8025-5BA9682460EA}.AppVeyor|Any CPU.ActiveCfg = Release|Any CPU
		{082AB6E3-EB26-4791-8025-5BA9682460EA}.AppVeyor|Any CPU.Build.0 = Release|Any CPU
		{082AB6E3-EB26-4791-8025-5BA9682460EA}.Beta|Any CPU.ActiveCfg = Release|Any CPU
		{082AB6E3-EB26-4791-8025-5BA9682460EA}.Beta|Any CPU.Build.0 = Release|Any CPU
		{082AB6E3-EB26-4791-8025-5BA9682460EA}.Debug|Any CPU.ActiveCfg = Debug|Any CPU
		{082AB6E3-EB26-4791-8025-5BA9682460EA}.Debug|Any CPU.Build.0 = Debug|Any CPU
		{082AB6E3-EB26-4791-8025-5BA9682460EA}.Release|Any CPU.ActiveCfg = Release|Any CPU
		{082AB6E3-EB26-4791-8025-5BA9682460EA}.Release|Any CPU.Build.0 = Release|Any CPU
		{B4F7987E-A5FA-45B1-9AE4-5E40144FFC54}.AppVeyor|Any CPU.ActiveCfg = Release|Any CPU
		{B4F7987E-A5FA-45B1-9AE4-5E40144FFC54}.AppVeyor|Any CPU.Build.0 = Release|Any CPU
		{B4F7987E-A5FA-45B1-9AE4-5E40144FFC54}.Beta|Any CPU.ActiveCfg = Release|Any CPU
		{B4F7987E-A5FA-45B1-9AE4-5E40144FFC54}.Beta|Any CPU.Build.0 = Release|Any CPU
		{B4F7987E-A5FA-45B1-9AE4-5E40144FFC54}.Debug|Any CPU.ActiveCfg = Debug|Any CPU
		{B4F7987E-A5FA-45B1-9AE4-5E40144FFC54}.Debug|Any CPU.Build.0 = Debug|Any CPU
		{B4F7987E-A5FA-45B1-9AE4-5E40144FFC54}.Release|Any CPU.ActiveCfg = Release|Any CPU
		{B4F7987E-A5FA-45B1-9AE4-5E40144FFC54}.Release|Any CPU.Build.0 = Release|Any CPU
		{45A39BFC-7B67-46F2-A6F2-59BF82B350A4}.AppVeyor|Any CPU.ActiveCfg = Release|Any CPU
		{45A39BFC-7B67-46F2-A6F2-59BF82B350A4}.AppVeyor|Any CPU.Build.0 = Release|Any CPU
		{45A39BFC-7B67-46F2-A6F2-59BF82B350A4}.Beta|Any CPU.ActiveCfg = Release|Any CPU
		{45A39BFC-7B67-46F2-A6F2-59BF82B350A4}.Beta|Any CPU.Build.0 = Release|Any CPU
		{45A39BFC-7B67-46F2-A6F2-59BF82B350A4}.Debug|Any CPU.ActiveCfg = Debug|Any CPU
		{45A39BFC-7B67-46F2-A6F2-59BF82B350A4}.Debug|Any CPU.Build.0 = Debug|Any CPU
		{45A39BFC-7B67-46F2-A6F2-59BF82B350A4}.Release|Any CPU.ActiveCfg = Release|Any CPU
		{45A39BFC-7B67-46F2-A6F2-59BF82B350A4}.Release|Any CPU.Build.0 = Release|Any CPU
	EndGlobalSection
	GlobalSection(SolutionProperties) = preSolution
		HideSolutionNode = FALSE
	EndGlobalSection
	GlobalSection(ExtensibilityGlobals) = postSolution
		SolutionGuid = {A8DB62D4-9BA4-4968-B860-42DDC24EF79F}
	EndGlobalSection
	GlobalSection(Performance) = preSolution
		HasPerformanceSessions = true
	EndGlobalSection
EndGlobal
