
Microsoft Visual Studio Solution File, Format Version 12.00
# Visual Studio Version 17
VisualStudioVersion = 17.3.32714.290
MinimumVisualStudioVersion = 10.0.40219.1
Project("{9A19103F-16F7-4668-BE54-9A1E7A4F7556}") = "SoundSwitch", "SoundSwitch\SoundSwitch.csproj", "{A17ECFE0-C4E2-4410-839A-14DF8C11428D}"
EndProject
Project("{9A19103F-16F7-4668-BE54-9A1E7A4F7556}") = "SoundSwitch.Audio.Manager", "SoundSwitch.Audio.Manager\SoundSwitch.Audio.Manager.csproj", "{B4F7987E-A5FA-45B1-9AE4-5E40144FFC54}"
EndProject
Project("{9A19103F-16F7-4668-BE54-9A1E7A4F7556}") = "SoundSwitch.Common", "SoundSwitch.Common\SoundSwitch.Common.csproj", "{45A39BFC-7B67-46F2-A6F2-59BF82B350A4}"
EndProject
Project("{9A19103F-16F7-4668-BE54-9A1E7A4F7556}") = "SoundSwitch.Tests", "SoundSwitch.Tests\SoundSwitch.Tests.csproj", "{997DAB74-B16F-449D-82ED-5BD966C0E4DC}"
EndProject
Project("{FAE04EC0-301F-11D3-BF4B-00C04F79EFBC}") = "SoundSwitch.UI.Menu", "SoundSwitch.UI.Menu\SoundSwitch.UI.Menu.csproj", "{EAF89214-E434-4FC0-A928-E6DB1D9FBF26}"
EndProject
Project("{FAE04EC0-301F-11D3-BF4B-00C04F79EFBC}") = "SoundSwitch.Audio.Manager.Tests", "SoundSwitch.Audio.Manager.Tests\SoundSwitch.Audio.Manager.Tests.csproj", "{2B15926A-26C1-4F6C-A6B4-260A5CCC84A2}"
EndProject
Project("{FAE04EC0-301F-11D3-BF4B-00C04F79EFBC}") = "SoundSwitch.IPC", "SoundSwitch.IPC\SoundSwitch.IPC.csproj", "{A7715821-22A6-4F1B-A302-3EBC1EBC42B2}"
EndProject
Project("{FAE04EC0-301F-11D3-BF4B-00C04F79EFBC}") = "SoundSwitch.CLI", "SoundSwitch.CLI\SoundSwitch.CLI.csproj", "{D5655B17-6644-4255-BD7C-2248B8E16789}"
EndProject
Global
	GlobalSection(SolutionConfigurationPlatforms) = preSolution
		Beta|Any CPU = Beta|Any CPU
		Beta|x64 = Beta|x64
		Beta|x86 = Beta|x86
		Debug|Any CPU = Debug|Any CPU
		Debug|x64 = Debug|x64
		Debug|x86 = Debug|x86
		Nightly|Any CPU = Nightly|Any CPU
		Nightly|x64 = Nightly|x64
		Nightly|x86 = Nightly|x86
		Release|Any CPU = Release|Any CPU
		Release|x64 = Release|x64
		Release|x86 = Release|x86
	EndGlobalSection
	GlobalSection(ProjectConfigurationPlatforms) = postSolution
		{A17ECFE0-C4E2-4410-839A-14DF8C11428D}.Beta|Any CPU.ActiveCfg = Beta|Any CPU
		{A17ECFE0-C4E2-4410-839A-14DF8C11428D}.Beta|Any CPU.Build.0 = Beta|Any CPU
		{A17ECFE0-C4E2-4410-839A-14DF8C11428D}.Beta|x64.ActiveCfg = Beta|Any CPU
		{A17ECFE0-C4E2-4410-839A-14DF8C11428D}.Beta|x64.Build.0 = Beta|Any CPU
		{A17ECFE0-C4E2-4410-839A-14DF8C11428D}.Beta|x86.ActiveCfg = Beta|Any CPU
		{A17ECFE0-C4E2-4410-839A-14DF8C11428D}.Beta|x86.Build.0 = Beta|Any CPU
		{A17ECFE0-C4E2-4410-839A-14DF8C11428D}.Debug|Any CPU.ActiveCfg = Debug|Any CPU
		{A17ECFE0-C4E2-4410-839A-14DF8C11428D}.Debug|Any CPU.Build.0 = Debug|Any CPU
		{A17ECFE0-C4E2-4410-839A-14DF8C11428D}.Debug|x64.ActiveCfg = Debug|Any CPU
		{A17ECFE0-C4E2-4410-839A-14DF8C11428D}.Debug|x64.Build.0 = Debug|Any CPU
		{A17ECFE0-C4E2-4410-839A-14DF8C11428D}.Debug|x86.ActiveCfg = Debug|Any CPU
		{A17ECFE0-C4E2-4410-839A-14DF8C11428D}.Debug|x86.Build.0 = Debug|Any CPU
		{A17ECFE0-C4E2-4410-839A-14DF8C11428D}.Nightly|Any CPU.ActiveCfg = Nightly|Any CPU
		{A17ECFE0-C4E2-4410-839A-14DF8C11428D}.Nightly|Any CPU.Build.0 = Nightly|Any CPU
		{A17ECFE0-C4E2-4410-839A-14DF8C11428D}.Nightly|x64.ActiveCfg = Nightly|Any CPU
		{A17ECFE0-C4E2-4410-839A-14DF8C11428D}.Nightly|x64.Build.0 = Nightly|Any CPU
		{A17ECFE0-C4E2-4410-839A-14DF8C11428D}.Nightly|x86.ActiveCfg = Nightly|Any CPU
		{A17ECFE0-C4E2-4410-839A-14DF8C11428D}.Nightly|x86.Build.0 = Nightly|Any CPU
		{A17ECFE0-C4E2-4410-839A-14DF8C11428D}.Release|Any CPU.ActiveCfg = Release|Any CPU
		{A17ECFE0-C4E2-4410-839A-14DF8C11428D}.Release|Any CPU.Build.0 = Release|Any CPU
		{A17ECFE0-C4E2-4410-839A-14DF8C11428D}.Release|x64.ActiveCfg = Release|Any CPU
		{A17ECFE0-C4E2-4410-839A-14DF8C11428D}.Release|x64.Build.0 = Release|Any CPU
		{A17ECFE0-C4E2-4410-839A-14DF8C11428D}.Release|x86.ActiveCfg = Release|Any CPU
		{A17ECFE0-C4E2-4410-839A-14DF8C11428D}.Release|x86.Build.0 = Release|Any CPU
		{B4F7987E-A5FA-45B1-9AE4-5E40144FFC54}.Beta|Any CPU.ActiveCfg = Release|Any CPU
		{B4F7987E-A5FA-45B1-9AE4-5E40144FFC54}.Beta|Any CPU.Build.0 = Release|Any CPU
		{B4F7987E-A5FA-45B1-9AE4-5E40144FFC54}.Beta|x64.ActiveCfg = Beta|Any CPU
		{B4F7987E-A5FA-45B1-9AE4-5E40144FFC54}.Beta|x64.Build.0 = Beta|Any CPU
		{B4F7987E-A5FA-45B1-9AE4-5E40144FFC54}.Beta|x86.ActiveCfg = Beta|Any CPU
		{B4F7987E-A5FA-45B1-9AE4-5E40144FFC54}.Beta|x86.Build.0 = Beta|Any CPU
		{B4F7987E-A5FA-45B1-9AE4-5E40144FFC54}.Debug|Any CPU.ActiveCfg = Debug|Any CPU
		{B4F7987E-A5FA-45B1-9AE4-5E40144FFC54}.Debug|Any CPU.Build.0 = Debug|Any CPU
		{B4F7987E-A5FA-45B1-9AE4-5E40144FFC54}.Debug|x64.ActiveCfg = Debug|Any CPU
		{B4F7987E-A5FA-45B1-9AE4-5E40144FFC54}.Debug|x64.Build.0 = Debug|Any CPU
		{B4F7987E-A5FA-45B1-9AE4-5E40144FFC54}.Debug|x86.ActiveCfg = Debug|Any CPU
		{B4F7987E-A5FA-45B1-9AE4-5E40144FFC54}.Debug|x86.Build.0 = Debug|Any CPU
		{B4F7987E-A5FA-45B1-9AE4-5E40144FFC54}.Nightly|Any CPU.ActiveCfg = Nightly|Any CPU
		{B4F7987E-A5FA-45B1-9AE4-5E40144FFC54}.Nightly|Any CPU.Build.0 = Nightly|Any CPU
		{B4F7987E-A5FA-45B1-9AE4-5E40144FFC54}.Nightly|x64.ActiveCfg = Nightly|Any CPU
		{B4F7987E-A5FA-45B1-9AE4-5E40144FFC54}.Nightly|x64.Build.0 = Nightly|Any CPU
		{B4F7987E-A5FA-45B1-9AE4-5E40144FFC54}.Nightly|x86.ActiveCfg = Nightly|Any CPU
		{B4F7987E-A5FA-45B1-9AE4-5E40144FFC54}.Nightly|x86.Build.0 = Nightly|Any CPU
		{B4F7987E-A5FA-45B1-9AE4-5E40144FFC54}.Release|Any CPU.ActiveCfg = Release|Any CPU
		{B4F7987E-A5FA-45B1-9AE4-5E40144FFC54}.Release|Any CPU.Build.0 = Release|Any CPU
		{B4F7987E-A5FA-45B1-9AE4-5E40144FFC54}.Release|x64.ActiveCfg = Release|Any CPU
		{B4F7987E-A5FA-45B1-9AE4-5E40144FFC54}.Release|x64.Build.0 = Release|Any CPU
		{B4F7987E-A5FA-45B1-9AE4-5E40144FFC54}.Release|x86.ActiveCfg = Release|Any CPU
		{B4F7987E-A5FA-45B1-9AE4-5E40144FFC54}.Release|x86.Build.0 = Release|Any CPU
		{45A39BFC-7B67-46F2-A6F2-59BF82B350A4}.Beta|Any CPU.ActiveCfg = Release|Any CPU
		{45A39BFC-7B67-46F2-A6F2-59BF82B350A4}.Beta|Any CPU.Build.0 = Release|Any CPU
		{45A39BFC-7B67-46F2-A6F2-59BF82B350A4}.Beta|x64.ActiveCfg = Beta|Any CPU
		{45A39BFC-7B67-46F2-A6F2-59BF82B350A4}.Beta|x64.Build.0 = Beta|Any CPU
		{45A39BFC-7B67-46F2-A6F2-59BF82B350A4}.Beta|x86.ActiveCfg = Beta|Any CPU
		{45A39BFC-7B67-46F2-A6F2-59BF82B350A4}.Beta|x86.Build.0 = Beta|Any CPU
		{45A39BFC-7B67-46F2-A6F2-59BF82B350A4}.Debug|Any CPU.ActiveCfg = Debug|Any CPU
		{45A39BFC-7B67-46F2-A6F2-59BF82B350A4}.Debug|Any CPU.Build.0 = Debug|Any CPU
		{45A39BFC-7B67-46F2-A6F2-59BF82B350A4}.Debug|x64.ActiveCfg = Debug|Any CPU
		{45A39BFC-7B67-46F2-A6F2-59BF82B350A4}.Debug|x64.Build.0 = Debug|Any CPU
		{45A39BFC-7B67-46F2-A6F2-59BF82B350A4}.Debug|x86.ActiveCfg = Debug|Any CPU
		{45A39BFC-7B67-46F2-A6F2-59BF82B350A4}.Debug|x86.Build.0 = Debug|Any CPU
		{45A39BFC-7B67-46F2-A6F2-59BF82B350A4}.Nightly|Any CPU.ActiveCfg = Nightly|Any CPU
		{45A39BFC-7B67-46F2-A6F2-59BF82B350A4}.Nightly|Any CPU.Build.0 = Nightly|Any CPU
		{45A39BFC-7B67-46F2-A6F2-59BF82B350A4}.Nightly|x64.ActiveCfg = Nightly|Any CPU
		{45A39BFC-7B67-46F2-A6F2-59BF82B350A4}.Nightly|x64.Build.0 = Nightly|Any CPU
		{45A39BFC-7B67-46F2-A6F2-59BF82B350A4}.Nightly|x86.ActiveCfg = Nightly|Any CPU
		{45A39BFC-7B67-46F2-A6F2-59BF82B350A4}.Nightly|x86.Build.0 = Nightly|Any CPU
		{45A39BFC-7B67-46F2-A6F2-59BF82B350A4}.Release|Any CPU.ActiveCfg = Release|Any CPU
		{45A39BFC-7B67-46F2-A6F2-59BF82B350A4}.Release|Any CPU.Build.0 = Release|Any CPU
		{45A39BFC-7B67-46F2-A6F2-59BF82B350A4}.Release|x64.ActiveCfg = Release|Any CPU
		{45A39BFC-7B67-46F2-A6F2-59BF82B350A4}.Release|x64.Build.0 = Release|Any CPU
		{45A39BFC-7B67-46F2-A6F2-59BF82B350A4}.Release|x86.ActiveCfg = Release|Any CPU
		{45A39BFC-7B67-46F2-A6F2-59BF82B350A4}.Release|x86.Build.0 = Release|Any CPU
		{997DAB74-B16F-449D-82ED-5BD966C0E4DC}.Beta|Any CPU.ActiveCfg = Debug|Any CPU
		{997DAB74-B16F-449D-82ED-5BD966C0E4DC}.Beta|Any CPU.Build.0 = Debug|Any CPU
		{997DAB74-B16F-449D-82ED-5BD966C0E4DC}.Beta|x64.ActiveCfg = Beta|Any CPU
		{997DAB74-B16F-449D-82ED-5BD966C0E4DC}.Beta|x64.Build.0 = Beta|Any CPU
		{997DAB74-B16F-449D-82ED-5BD966C0E4DC}.Beta|x86.ActiveCfg = Beta|Any CPU
		{997DAB74-B16F-449D-82ED-5BD966C0E4DC}.Beta|x86.Build.0 = Beta|Any CPU
		{997DAB74-B16F-449D-82ED-5BD966C0E4DC}.Debug|Any CPU.ActiveCfg = Debug|Any CPU
		{997DAB74-B16F-449D-82ED-5BD966C0E4DC}.Debug|Any CPU.Build.0 = Debug|Any CPU
		{997DAB74-B16F-449D-82ED-5BD966C0E4DC}.Debug|x64.ActiveCfg = Debug|Any CPU
		{997DAB74-B16F-449D-82ED-5BD966C0E4DC}.Debug|x64.Build.0 = Debug|Any CPU
		{997DAB74-B16F-449D-82ED-5BD966C0E4DC}.Debug|x86.ActiveCfg = Debug|Any CPU
		{997DAB74-B16F-449D-82ED-5BD966C0E4DC}.Debug|x86.Build.0 = Debug|Any CPU
		{997DAB74-B16F-449D-82ED-5BD966C0E4DC}.Nightly|Any CPU.ActiveCfg = Nightly|Any CPU
		{997DAB74-B16F-449D-82ED-5BD966C0E4DC}.Nightly|Any CPU.Build.0 = Nightly|Any CPU
		{997DAB74-B16F-449D-82ED-5BD966C0E4DC}.Nightly|x64.ActiveCfg = Nightly|Any CPU
		{997DAB74-B16F-449D-82ED-5BD966C0E4DC}.Nightly|x64.Build.0 = Nightly|Any CPU
		{997DAB74-B16F-449D-82ED-5BD966C0E4DC}.Nightly|x86.ActiveCfg = Nightly|Any CPU
		{997DAB74-B16F-449D-82ED-5BD966C0E4DC}.Nightly|x86.Build.0 = Nightly|Any CPU
		{997DAB74-B16F-449D-82ED-5BD966C0E4DC}.Release|Any CPU.ActiveCfg = Release|Any CPU
		{997DAB74-B16F-449D-82ED-5BD966C0E4DC}.Release|Any CPU.Build.0 = Release|Any CPU
		{997DAB74-B16F-449D-82ED-5BD966C0E4DC}.Release|x64.ActiveCfg = Release|Any CPU
		{997DAB74-B16F-449D-82ED-5BD966C0E4DC}.Release|x64.Build.0 = Release|Any CPU
		{997DAB74-B16F-449D-82ED-5BD966C0E4DC}.Release|x86.ActiveCfg = Release|Any CPU
		{997DAB74-B16F-449D-82ED-5BD966C0E4DC}.Release|x86.Build.0 = Release|Any CPU
		{EAF89214-E434-4FC0-A928-E6DB1D9FBF26}.Beta|Any CPU.ActiveCfg = Debug|Any CPU
		{EAF89214-E434-4FC0-A928-E6DB1D9FBF26}.Beta|Any CPU.Build.0 = Debug|Any CPU
		{EAF89214-E434-4FC0-A928-E6DB1D9FBF26}.Beta|x64.ActiveCfg = Beta|Any CPU
		{EAF89214-E434-4FC0-A928-E6DB1D9FBF26}.Beta|x64.Build.0 = Beta|Any CPU
		{EAF89214-E434-4FC0-A928-E6DB1D9FBF26}.Beta|x86.ActiveCfg = Beta|Any CPU
		{EAF89214-E434-4FC0-A928-E6DB1D9FBF26}.Beta|x86.Build.0 = Beta|Any CPU
		{EAF89214-E434-4FC0-A928-E6DB1D9FBF26}.Debug|Any CPU.ActiveCfg = Debug|Any CPU
		{EAF89214-E434-4FC0-A928-E6DB1D9FBF26}.Debug|Any CPU.Build.0 = Debug|Any CPU
		{EAF89214-E434-4FC0-A928-E6DB1D9FBF26}.Debug|x64.ActiveCfg = Debug|Any CPU
		{EAF89214-E434-4FC0-A928-E6DB1D9FBF26}.Debug|x64.Build.0 = Debug|Any CPU
		{EAF89214-E434-4FC0-A928-E6DB1D9FBF26}.Debug|x86.ActiveCfg = Debug|Any CPU
		{EAF89214-E434-4FC0-A928-E6DB1D9FBF26}.Debug|x86.Build.0 = Debug|Any CPU
		{EAF89214-E434-4FC0-A928-E6DB1D9FBF26}.Nightly|Any CPU.ActiveCfg = Nightly|Any CPU
		{EAF89214-E434-4FC0-A928-E6DB1D9FBF26}.Nightly|Any CPU.Build.0 = Nightly|Any CPU
		{EAF89214-E434-4FC0-A928-E6DB1D9FBF26}.Nightly|x64.ActiveCfg = Nightly|Any CPU
		{EAF89214-E434-4FC0-A928-E6DB1D9FBF26}.Nightly|x64.Build.0 = Nightly|Any CPU
		{EAF89214-E434-4FC0-A928-E6DB1D9FBF26}.Nightly|x86.ActiveCfg = Nightly|Any CPU
		{EAF89214-E434-4FC0-A928-E6DB1D9FBF26}.Nightly|x86.Build.0 = Nightly|Any CPU
		{EAF89214-E434-4FC0-A928-E6DB1D9FBF26}.Release|Any CPU.ActiveCfg = Release|Any CPU
		{EAF89214-E434-4FC0-A928-E6DB1D9FBF26}.Release|Any CPU.Build.0 = Release|Any CPU
		{EAF89214-E434-4FC0-A928-E6DB1D9FBF26}.Release|x64.ActiveCfg = Release|Any CPU
		{EAF89214-E434-4FC0-A928-E6DB1D9FBF26}.Release|x64.Build.0 = Release|Any CPU
		{EAF89214-E434-4FC0-A928-E6DB1D9FBF26}.Release|x86.ActiveCfg = Release|Any CPU
		{EAF89214-E434-4FC0-A928-E6DB1D9FBF26}.Release|x86.Build.0 = Release|Any CPU
		{2B15926A-26C1-4F6C-A6B4-260A5CCC84A2}.Beta|Any CPU.ActiveCfg = Debug|Any CPU
		{2B15926A-26C1-4F6C-A6B4-260A5CCC84A2}.Beta|Any CPU.Build.0 = Debug|Any CPU
		{2B15926A-26C1-4F6C-A6B4-260A5CCC84A2}.Beta|x64.ActiveCfg = Beta|Any CPU
		{2B15926A-26C1-4F6C-A6B4-260A5CCC84A2}.Beta|x64.Build.0 = Beta|Any CPU
		{2B15926A-26C1-4F6C-A6B4-260A5CCC84A2}.Beta|x86.ActiveCfg = Beta|Any CPU
		{2B15926A-26C1-4F6C-A6B4-260A5CCC84A2}.Beta|x86.Build.0 = Beta|Any CPU
		{2B15926A-26C1-4F6C-A6B4-260A5CCC84A2}.Debug|Any CPU.ActiveCfg = Debug|Any CPU
		{2B15926A-26C1-4F6C-A6B4-260A5CCC84A2}.Debug|Any CPU.Build.0 = Debug|Any CPU
		{2B15926A-26C1-4F6C-A6B4-260A5CCC84A2}.Debug|x64.ActiveCfg = Debug|Any CPU
		{2B15926A-26C1-4F6C-A6B4-260A5CCC84A2}.Debug|x64.Build.0 = Debug|Any CPU
		{2B15926A-26C1-4F6C-A6B4-260A5CCC84A2}.Debug|x86.ActiveCfg = Debug|Any CPU
		{2B15926A-26C1-4F6C-A6B4-260A5CCC84A2}.Debug|x86.Build.0 = Debug|Any CPU
		{2B15926A-26C1-4F6C-A6B4-260A5CCC84A2}.Nightly|Any CPU.ActiveCfg = Debug|Any CPU
		{2B15926A-26C1-4F6C-A6B4-260A5CCC84A2}.Nightly|Any CPU.Build.0 = Debug|Any CPU
		{2B15926A-26C1-4F6C-A6B4-260A5CCC84A2}.Nightly|x64.ActiveCfg = Nightly|Any CPU
		{2B15926A-26C1-4F6C-A6B4-260A5CCC84A2}.Nightly|x64.Build.0 = Nightly|Any CPU
		{2B15926A-26C1-4F6C-A6B4-260A5CCC84A2}.Nightly|x86.ActiveCfg = Nightly|Any CPU
		{2B15926A-26C1-4F6C-A6B4-260A5CCC84A2}.Nightly|x86.Build.0 = Nightly|Any CPU
		{2B15926A-26C1-4F6C-A6B4-260A5CCC84A2}.Release|Any CPU.ActiveCfg = Release|Any CPU
		{2B15926A-26C1-4F6C-A6B4-260A5CCC84A2}.Release|Any CPU.Build.0 = Release|Any CPU
		{2B15926A-26C1-4F6C-A6B4-260A5CCC84A2}.Release|x64.ActiveCfg = Release|Any CPU
		{2B15926A-26C1-4F6C-A6B4-260A5CCC84A2}.Release|x64.Build.0 = Release|Any CPU
		{2B15926A-26C1-4F6C-A6B4-260A5CCC84A2}.Release|x86.ActiveCfg = Release|Any CPU
		{2B15926A-26C1-4F6C-A6B4-260A5CCC84A2}.Release|x86.Build.0 = Release|Any CPU
		{A7715821-22A6-4F1B-A302-3EBC1EBC42B2}.Beta|Any CPU.ActiveCfg = Debug|Any CPU
		{A7715821-22A6-4F1B-A302-3EBC1EBC42B2}.Beta|Any CPU.Build.0 = Debug|Any CPU
		{A7715821-22A6-4F1B-A302-3EBC1EBC42B2}.Beta|x64.ActiveCfg = Debug|Any CPU
		{A7715821-22A6-4F1B-A302-3EBC1EBC42B2}.Beta|x64.Build.0 = Debug|Any CPU
		{A7715821-22A6-4F1B-A302-3EBC1EBC42B2}.Beta|x86.ActiveCfg = Debug|Any CPU
		{A7715821-22A6-4F1B-A302-3EBC1EBC42B2}.Beta|x86.Build.0 = Debug|Any CPU
		{A7715821-22A6-4F1B-A302-3EBC1EBC42B2}.Debug|Any CPU.ActiveCfg = Debug|Any CPU
		{A7715821-22A6-4F1B-A302-3EBC1EBC42B2}.Debug|Any CPU.Build.0 = Debug|Any CPU
		{A7715821-22A6-4F1B-A302-3EBC1EBC42B2}.Debug|x64.ActiveCfg = Debug|Any CPU
		{A7715821-22A6-4F1B-A302-3EBC1EBC42B2}.Debug|x64.Build.0 = Debug|Any CPU
		{A7715821-22A6-4F1B-A302-3EBC1EBC42B2}.Debug|x86.ActiveCfg = Debug|Any CPU
		{A7715821-22A6-4F1B-A302-3EBC1EBC42B2}.Debug|x86.Build.0 = Debug|Any CPU
		{A7715821-22A6-4F1B-A302-3EBC1EBC42B2}.Nightly|Any CPU.ActiveCfg = Debug|Any CPU
		{A7715821-22A6-4F1B-A302-3EBC1EBC42B2}.Nightly|Any CPU.Build.0 = Debug|Any CPU
		{A7715821-22A6-4F1B-A302-3EBC1EBC42B2}.Nightly|x64.ActiveCfg = Debug|Any CPU
		{A7715821-22A6-4F1B-A302-3EBC1EBC42B2}.Nightly|x64.Build.0 = Debug|Any CPU
		{A7715821-22A6-4F1B-A302-3EBC1EBC42B2}.Nightly|x86.ActiveCfg = Debug|Any CPU
		{A7715821-22A6-4F1B-A302-3EBC1EBC42B2}.Nightly|x86.Build.0 = Debug|Any CPU
		{A7715821-22A6-4F1B-A302-3EBC1EBC42B2}.Release|Any CPU.ActiveCfg = Release|Any CPU
		{A7715821-22A6-4F1B-A302-3EBC1EBC42B2}.Release|Any CPU.Build.0 = Release|Any CPU
		{A7715821-22A6-4F1B-A302-3EBC1EBC42B2}.Release|x64.ActiveCfg = Release|Any CPU
		{A7715821-22A6-4F1B-A302-3EBC1EBC42B2}.Release|x64.Build.0 = Release|Any CPU
		{A7715821-22A6-4F1B-A302-3EBC1EBC42B2}.Release|x86.ActiveCfg = Release|Any CPU
		{A7715821-22A6-4F1B-A302-3EBC1EBC42B2}.Release|x86.Build.0 = Release|Any CPU
		{D5655B17-6644-4255-BD7C-2248B8E16789}.Beta|Any CPU.ActiveCfg = Debug|Any CPU
		{D5655B17-6644-4255-BD7C-2248B8E16789}.Beta|Any CPU.Build.0 = Debug|Any CPU
		{D5655B17-6644-4255-BD7C-2248B8E16789}.Beta|x64.ActiveCfg = Debug|Any CPU
		{D5655B17-6644-4255-BD7C-2248B8E16789}.Beta|x64.Build.0 = Debug|Any CPU
		{D5655B17-6644-4255-BD7C-2248B8E16789}.Beta|x86.ActiveCfg = Debug|Any CPU
		{D5655B17-6644-4255-BD7C-2248B8E16789}.Beta|x86.Build.0 = Debug|Any CPU
		{D5655B17-6644-4255-BD7C-2248B8E16789}.Debug|Any CPU.ActiveCfg = Debug|Any CPU
		{D5655B17-6644-4255-BD7C-2248B8E16789}.Debug|Any CPU.Build.0 = Debug|Any CPU
		{D5655B17-6644-4255-BD7C-2248B8E16789}.Debug|x64.ActiveCfg = Debug|Any CPU
		{D5655B17-6644-4255-BD7C-2248B8E16789}.Debug|x64.Build.0 = Debug|Any CPU
		{D5655B17-6644-4255-BD7C-2248B8E16789}.Debug|x86.ActiveCfg = Debug|Any CPU
		{D5655B17-6644-4255-BD7C-2248B8E16789}.Debug|x86.Build.0 = Debug|Any CPU
		{D5655B17-6644-4255-BD7C-2248B8E16789}.Nightly|Any CPU.ActiveCfg = Debug|Any CPU
		{D5655B17-6644-4255-BD7C-2248B8E16789}.Nightly|Any CPU.Build.0 = Debug|Any CPU
		{D5655B17-6644-4255-BD7C-2248B8E16789}.Nightly|x64.ActiveCfg = Debug|Any CPU
		{D5655B17-6644-4255-BD7C-2248B8E16789}.Nightly|x64.Build.0 = Debug|Any CPU
		{D5655B17-6644-4255-BD7C-2248B8E16789}.Nightly|x86.ActiveCfg = Debug|Any CPU
		{D5655B17-6644-4255-BD7C-2248B8E16789}.Nightly|x86.Build.0 = Debug|Any CPU
		{D5655B17-6644-4255-BD7C-2248B8E16789}.Release|Any CPU.ActiveCfg = Release|Any CPU
		{D5655B17-6644-4255-BD7C-2248B8E16789}.Release|Any CPU.Build.0 = Release|Any CPU
		{D5655B17-6644-4255-BD7C-2248B8E16789}.Release|x64.ActiveCfg = Release|Any CPU
		{D5655B17-6644-4255-BD7C-2248B8E16789}.Release|x64.Build.0 = Release|Any CPU
		{D5655B17-6644-4255-BD7C-2248B8E16789}.Release|x86.ActiveCfg = Release|Any CPU
		{D5655B17-6644-4255-BD7C-2248B8E16789}.Release|x86.Build.0 = Release|Any CPU
	EndGlobalSection
	GlobalSection(SolutionProperties) = preSolution
		HideSolutionNode = FALSE
	EndGlobalSection
	GlobalSection(ExtensibilityGlobals) = postSolution
		SolutionGuid = {A8DB62D4-9BA4-4968-B860-42DDC24EF79F}
	EndGlobalSection
	GlobalSection(Performance) = preSolution
		HasPerformanceSessions = true
	EndGlobalSection
EndGlobal
